// !$*UTF8*$!
{
	archiveVersion = 1;
	classes = {
	};
	objectVersion = 50;
	objects = {

/* Begin PBXBuildFile section */
		F1BBF77020DE5494001E291D /* AppDelegate.swift in Sources */ = {isa = PBXBuildFile; fileRef = F1BBF76F20DE5494001E291D /* AppDelegate.swift */; };
		F1BBF77520DE5494001E291D /* Main.storyboard in Resources */ = {isa = PBXBuildFile; fileRef = F1BBF77320DE5494001E291D /* Main.storyboard */; };
		F1BBF77720DE5495001E291D /* Assets.xcassets in Resources */ = {isa = PBXBuildFile; fileRef = F1BBF77620DE5495001E291D /* Assets.xcassets */; };
		F1BBF77A20DE5495001E291D /* LaunchScreen.storyboard in Resources */ = {isa = PBXBuildFile; fileRef = F1BBF77820DE5495001E291D /* LaunchScreen.storyboard */; };
		F1BBF78520DE5496001E291D /* ShapePickerTests.swift in Sources */ = {isa = PBXBuildFile; fileRef = F1BBF78420DE5496001E291D /* ShapePickerTests.swift */; };
		F1BBF79020DE5496001E291D /* ShapePickerUITests.swift in Sources */ = {isa = PBXBuildFile; fileRef = F1BBF78F20DE5496001E291D /* ShapePickerUITests.swift */; };
		F1BBF79E20DE6045001E291D /* CanvasViewController.swift in Sources */ = {isa = PBXBuildFile; fileRef = F1BBF79D20DE6045001E291D /* CanvasViewController.swift */; };
		F1BBF7A220DE60AB001E291D /* CanvasViewModel.swift in Sources */ = {isa = PBXBuildFile; fileRef = F1BBF7A120DE60AB001E291D /* CanvasViewModel.swift */; };
		F1BBF7A720DE60DF001E291D /* StatsViewModel.swift in Sources */ = {isa = PBXBuildFile; fileRef = F1BBF7A620DE60DF001E291D /* StatsViewModel.swift */; };
		F1BBF7A920DE60F3001E291D /* StatsViewController.swift in Sources */ = {isa = PBXBuildFile; fileRef = F1BBF7A820DE60F3001E291D /* StatsViewController.swift */; };
		F1BBF7AC20DEA37E001E291D /* ShapeView.swift in Sources */ = {isa = PBXBuildFile; fileRef = F1BBF7AB20DEA37E001E291D /* ShapeView.swift */; };
		F1BBF7AE20DEAB34001E291D /* ShapeFactory.swift in Sources */ = {isa = PBXBuildFile; fileRef = F1BBF7AD20DEAB34001E291D /* ShapeFactory.swift */; };
		F1BBF7B220DEBF44001E291D /* Command.swift in Sources */ = {isa = PBXBuildFile; fileRef = F1BBF7B120DEBF44001E291D /* Command.swift */; };
		F1BBF7B620DEC004001E291D /* AddShapeCommand.swift in Sources */ = {isa = PBXBuildFile; fileRef = F1BBF7B520DEC004001E291D /* AddShapeCommand.swift */; };
		F1BBF7B820DEC46E001E291D /* RemoveShapeCommand.swift in Sources */ = {isa = PBXBuildFile; fileRef = F1BBF7B720DEC46E001E291D /* RemoveShapeCommand.swift */; };
		F1BBF7BA20DEC489001E291D /* MoveShapeCommand.swift in Sources */ = {isa = PBXBuildFile; fileRef = F1BBF7B920DEC489001E291D /* MoveShapeCommand.swift */; };
		F1BBF7BC20DEC4D4001E291D /* ShapeCommandsManager.swift in Sources */ = {isa = PBXBuildFile; fileRef = F1BBF7BB20DEC4D4001E291D /* ShapeCommandsManager.swift */; };
		F1BBF7BE20DEC509001E291D /* MoveTracker.swift in Sources */ = {isa = PBXBuildFile; fileRef = F1BBF7BD20DEC509001E291D /* MoveTracker.swift */; };
		F1BBF7C320DF9F27001E291D /* CanvasProtocols.swift in Sources */ = {isa = PBXBuildFile; fileRef = F1BBF7C220DF9F27001E291D /* CanvasProtocols.swift */; };
		F1BBF7C520DFA013001E291D /* Position.swift in Sources */ = {isa = PBXBuildFile; fileRef = F1BBF7C420DFA013001E291D /* Position.swift */; };
		F1BBF7C720DFA7DA001E291D /* StatsTableViewCell.swift in Sources */ = {isa = PBXBuildFile; fileRef = F1BBF7C620DFA7DA001E291D /* StatsTableViewCell.swift */; };
		F1BBF7C920DFA91B001E291D /* StatsTableViewManager.swift in Sources */ = {isa = PBXBuildFile; fileRef = F1BBF7C820DFA91B001E291D /* StatsTableViewManager.swift */; };
		F1BBF7CB20DFEB17001E291D /* GroupCommand.swift in Sources */ = {isa = PBXBuildFile; fileRef = F1BBF7CA20DFEB17001E291D /* GroupCommand.swift */; };
		F1BBF7CD20DFF48A001E291D /* Int+Extension.swift in Sources */ = {isa = PBXBuildFile; fileRef = F1BBF7CC20DFF48A001E291D /* Int+Extension.swift */; };
		F1BBF7D120DFF6C3001E291D /* AddRemoveCommandTests.swift in Sources */ = {isa = PBXBuildFile; fileRef = F1BBF7D020DFF6C3001E291D /* AddRemoveCommandTests.swift */; };
		F1BBF7D420E00129001E291D /* MoveCommandTests.swift in Sources */ = {isa = PBXBuildFile; fileRef = F1BBF7D320E00129001E291D /* MoveCommandTests.swift */; };
/* End PBXBuildFile section */

/* Begin PBXContainerItemProxy section */
		F1BBF78120DE5496001E291D /* PBXContainerItemProxy */ = {
			isa = PBXContainerItemProxy;
			containerPortal = F1BBF76420DE5493001E291D /* Project object */;
			proxyType = 1;
			remoteGlobalIDString = F1BBF76B20DE5493001E291D;
			remoteInfo = ShapePicker;
		};
		F1BBF78C20DE5496001E291D /* PBXContainerItemProxy */ = {
			isa = PBXContainerItemProxy;
			containerPortal = F1BBF76420DE5493001E291D /* Project object */;
			proxyType = 1;
			remoteGlobalIDString = F1BBF76B20DE5493001E291D;
			remoteInfo = ShapePicker;
		};
/* End PBXContainerItemProxy section */

/* Begin PBXFileReference section */
		F1BBF76C20DE5493001E291D /* ShapePicker.app */ = {isa = PBXFileReference; explicitFileType = wrapper.application; includeInIndex = 0; path = ShapePicker.app; sourceTree = BUILT_PRODUCTS_DIR; };
		F1BBF76F20DE5494001E291D /* AppDelegate.swift */ = {isa = PBXFileReference; lastKnownFileType = sourcecode.swift; path = AppDelegate.swift; sourceTree = "<group>"; };
		F1BBF77420DE5494001E291D /* Base */ = {isa = PBXFileReference; lastKnownFileType = file.storyboard; name = Base; path = Base.lproj/Main.storyboard; sourceTree = "<group>"; };
		F1BBF77620DE5495001E291D /* Assets.xcassets */ = {isa = PBXFileReference; lastKnownFileType = folder.assetcatalog; path = Assets.xcassets; sourceTree = "<group>"; };
		F1BBF77920DE5495001E291D /* Base */ = {isa = PBXFileReference; lastKnownFileType = file.storyboard; name = Base; path = Base.lproj/LaunchScreen.storyboard; sourceTree = "<group>"; };
		F1BBF77B20DE5495001E291D /* Info.plist */ = {isa = PBXFileReference; lastKnownFileType = text.plist.xml; path = Info.plist; sourceTree = "<group>"; };
		F1BBF78020DE5496001E291D /* ShapePickerTests.xctest */ = {isa = PBXFileReference; explicitFileType = wrapper.cfbundle; includeInIndex = 0; path = ShapePickerTests.xctest; sourceTree = BUILT_PRODUCTS_DIR; };
		F1BBF78420DE5496001E291D /* ShapePickerTests.swift */ = {isa = PBXFileReference; lastKnownFileType = sourcecode.swift; path = ShapePickerTests.swift; sourceTree = "<group>"; };
		F1BBF78620DE5496001E291D /* Info.plist */ = {isa = PBXFileReference; lastKnownFileType = text.plist.xml; path = Info.plist; sourceTree = "<group>"; };
		F1BBF78B20DE5496001E291D /* ShapePickerUITests.xctest */ = {isa = PBXFileReference; explicitFileType = wrapper.cfbundle; includeInIndex = 0; path = ShapePickerUITests.xctest; sourceTree = BUILT_PRODUCTS_DIR; };
		F1BBF78F20DE5496001E291D /* ShapePickerUITests.swift */ = {isa = PBXFileReference; lastKnownFileType = sourcecode.swift; path = ShapePickerUITests.swift; sourceTree = "<group>"; };
		F1BBF79120DE5496001E291D /* Info.plist */ = {isa = PBXFileReference; lastKnownFileType = text.plist.xml; path = Info.plist; sourceTree = "<group>"; };
		F1BBF79D20DE6045001E291D /* CanvasViewController.swift */ = {isa = PBXFileReference; lastKnownFileType = sourcecode.swift; path = CanvasViewController.swift; sourceTree = "<group>"; };
		F1BBF7A120DE60AB001E291D /* CanvasViewModel.swift */ = {isa = PBXFileReference; lastKnownFileType = sourcecode.swift; path = CanvasViewModel.swift; sourceTree = "<group>"; };
		F1BBF7A620DE60DF001E291D /* StatsViewModel.swift */ = {isa = PBXFileReference; lastKnownFileType = sourcecode.swift; path = StatsViewModel.swift; sourceTree = "<group>"; };
		F1BBF7A820DE60F3001E291D /* StatsViewController.swift */ = {isa = PBXFileReference; lastKnownFileType = sourcecode.swift; path = StatsViewController.swift; sourceTree = "<group>"; };
		F1BBF7AB20DEA37E001E291D /* ShapeView.swift */ = {isa = PBXFileReference; lastKnownFileType = sourcecode.swift; path = ShapeView.swift; sourceTree = "<group>"; };
		F1BBF7AD20DEAB34001E291D /* ShapeFactory.swift */ = {isa = PBXFileReference; lastKnownFileType = sourcecode.swift; path = ShapeFactory.swift; sourceTree = "<group>"; };
		F1BBF7B120DEBF44001E291D /* Command.swift */ = {isa = PBXFileReference; lastKnownFileType = sourcecode.swift; path = Command.swift; sourceTree = "<group>"; };
		F1BBF7B520DEC004001E291D /* AddShapeCommand.swift */ = {isa = PBXFileReference; lastKnownFileType = sourcecode.swift; path = AddShapeCommand.swift; sourceTree = "<group>"; };
		F1BBF7B720DEC46E001E291D /* RemoveShapeCommand.swift */ = {isa = PBXFileReference; lastKnownFileType = sourcecode.swift; path = RemoveShapeCommand.swift; sourceTree = "<group>"; };
		F1BBF7B920DEC489001E291D /* MoveShapeCommand.swift */ = {isa = PBXFileReference; lastKnownFileType = sourcecode.swift; path = MoveShapeCommand.swift; sourceTree = "<group>"; };
		F1BBF7BB20DEC4D4001E291D /* ShapeCommandsManager.swift */ = {isa = PBXFileReference; lastKnownFileType = sourcecode.swift; path = ShapeCommandsManager.swift; sourceTree = "<group>"; };
		F1BBF7BD20DEC509001E291D /* MoveTracker.swift */ = {isa = PBXFileReference; lastKnownFileType = sourcecode.swift; path = MoveTracker.swift; sourceTree = "<group>"; };
		F1BBF7C220DF9F27001E291D /* CanvasProtocols.swift */ = {isa = PBXFileReference; lastKnownFileType = sourcecode.swift; path = CanvasProtocols.swift; sourceTree = "<group>"; };
		F1BBF7C420DFA013001E291D /* Position.swift */ = {isa = PBXFileReference; lastKnownFileType = sourcecode.swift; path = Position.swift; sourceTree = "<group>"; };
		F1BBF7C620DFA7DA001E291D /* StatsTableViewCell.swift */ = {isa = PBXFileReference; lastKnownFileType = sourcecode.swift; path = StatsTableViewCell.swift; sourceTree = "<group>"; };
		F1BBF7C820DFA91B001E291D /* StatsTableViewManager.swift */ = {isa = PBXFileReference; lastKnownFileType = sourcecode.swift; path = StatsTableViewManager.swift; sourceTree = "<group>"; };
		F1BBF7CA20DFEB17001E291D /* GroupCommand.swift */ = {isa = PBXFileReference; lastKnownFileType = sourcecode.swift; path = GroupCommand.swift; sourceTree = "<group>"; };
		F1BBF7CC20DFF48A001E291D /* Int+Extension.swift */ = {isa = PBXFileReference; lastKnownFileType = sourcecode.swift; path = "Int+Extension.swift"; sourceTree = "<group>"; };
		F1BBF7D020DFF6C3001E291D /* AddRemoveCommandTests.swift */ = {isa = PBXFileReference; lastKnownFileType = sourcecode.swift; path = AddRemoveCommandTests.swift; sourceTree = "<group>"; };
		F1BBF7D320E00129001E291D /* MoveCommandTests.swift */ = {isa = PBXFileReference; lastKnownFileType = sourcecode.swift; path = MoveCommandTests.swift; sourceTree = "<group>"; };
/* End PBXFileReference section */

/* Begin PBXFrameworksBuildPhase section */
		F1BBF76920DE5493001E291D /* Frameworks */ = {
			isa = PBXFrameworksBuildPhase;
			buildActionMask = 2147483647;
			files = (
			);
			runOnlyForDeploymentPostprocessing = 0;
		};
		F1BBF77D20DE5496001E291D /* Frameworks */ = {
			isa = PBXFrameworksBuildPhase;
			buildActionMask = 2147483647;
			files = (
			);
			runOnlyForDeploymentPostprocessing = 0;
		};
		F1BBF78820DE5496001E291D /* Frameworks */ = {
			isa = PBXFrameworksBuildPhase;
			buildActionMask = 2147483647;
			files = (
			);
			runOnlyForDeploymentPostprocessing = 0;
		};
/* End PBXFrameworksBuildPhase section */

/* Begin PBXGroup section */
		F1BBF76320DE5493001E291D = {
			isa = PBXGroup;
			children = (
				F1BBF76E20DE5493001E291D /* ShapePicker */,
				F1BBF78320DE5496001E291D /* ShapePickerTests */,
				F1BBF78E20DE5496001E291D /* ShapePickerUITests */,
				F1BBF76D20DE5493001E291D /* Products */,
			);
			sourceTree = "<group>";
		};
		F1BBF76D20DE5493001E291D /* Products */ = {
			isa = PBXGroup;
			children = (
				F1BBF76C20DE5493001E291D /* ShapePicker.app */,
				F1BBF78020DE5496001E291D /* ShapePickerTests.xctest */,
				F1BBF78B20DE5496001E291D /* ShapePickerUITests.xctest */,
			);
			name = Products;
			sourceTree = "<group>";
		};
		F1BBF76E20DE5493001E291D /* ShapePicker */ = {
			isa = PBXGroup;
			children = (
				F1BBF7BF20DF9F02001E291D /* Helpers */,
				F1BBF7AF20DEBF0C001E291D /* BusinessLogic */,
				F1BBF79F20DE6075001E291D /* UI */,
				F1BBF76F20DE5494001E291D /* AppDelegate.swift */,
				F1BBF77320DE5494001E291D /* Main.storyboard */,
				F1BBF77620DE5495001E291D /* Assets.xcassets */,
				F1BBF77820DE5495001E291D /* LaunchScreen.storyboard */,
				F1BBF77B20DE5495001E291D /* Info.plist */,
			);
			path = ShapePicker;
			sourceTree = "<group>";
		};
		F1BBF78320DE5496001E291D /* ShapePickerTests */ = {
			isa = PBXGroup;
			children = (
				F1BBF7D220E00111001E291D /* BusinessLogic */,
				F1BBF78420DE5496001E291D /* ShapePickerTests.swift */,
				F1BBF78620DE5496001E291D /* Info.plist */,
			);
			path = ShapePickerTests;
			sourceTree = "<group>";
		};
		F1BBF78E20DE5496001E291D /* ShapePickerUITests */ = {
			isa = PBXGroup;
			children = (
				F1BBF78F20DE5496001E291D /* ShapePickerUITests.swift */,
				F1BBF79120DE5496001E291D /* Info.plist */,
			);
			path = ShapePickerUITests;
			sourceTree = "<group>";
		};
		F1BBF79F20DE6075001E291D /* UI */ = {
			isa = PBXGroup;
			children = (
				F1BBF7AA20DEA340001E291D /* Shapes */,
				F1BBF7A320DE60BB001E291D /* StatsScene */,
				F1BBF7A020DE6086001E291D /* CanvasScene */,
			);
			path = UI;
			sourceTree = "<group>";
		};
		F1BBF7A020DE6086001E291D /* CanvasScene */ = {
			isa = PBXGroup;
			children = (
				F1BBF79D20DE6045001E291D /* CanvasViewController.swift */,
				F1BBF7A120DE60AB001E291D /* CanvasViewModel.swift */,
			);
			path = CanvasScene;
			sourceTree = "<group>";
		};
		F1BBF7A320DE60BB001E291D /* StatsScene */ = {
			isa = PBXGroup;
			children = (
				F1BBF7A620DE60DF001E291D /* StatsViewModel.swift */,
				F1BBF7A820DE60F3001E291D /* StatsViewController.swift */,
				F1BBF7C620DFA7DA001E291D /* StatsTableViewCell.swift */,
				F1BBF7C820DFA91B001E291D /* StatsTableViewManager.swift */,
			);
			path = StatsScene;
			sourceTree = "<group>";
		};
		F1BBF7AA20DEA340001E291D /* Shapes */ = {
			isa = PBXGroup;
			children = (
				F1BBF7AB20DEA37E001E291D /* ShapeView.swift */,
				F1BBF7AD20DEAB34001E291D /* ShapeFactory.swift */,
			);
			path = Shapes;
			sourceTree = "<group>";
		};
		F1BBF7AF20DEBF0C001E291D /* BusinessLogic */ = {
			isa = PBXGroup;
			children = (
				F1BBF7BB20DEC4D4001E291D /* ShapeCommandsManager.swift */,
				F1BBF7B020DEBF28001E291D /* Commands */,
			);
			path = BusinessLogic;
			sourceTree = "<group>";
		};
		F1BBF7B020DEBF28001E291D /* Commands */ = {
			isa = PBXGroup;
			children = (
				F1BBF7B120DEBF44001E291D /* Command.swift */,
				F1BBF7B520DEC004001E291D /* AddShapeCommand.swift */,
				F1BBF7B720DEC46E001E291D /* RemoveShapeCommand.swift */,
				F1BBF7B920DEC489001E291D /* MoveShapeCommand.swift */,
				F1BBF7CA20DFEB17001E291D /* GroupCommand.swift */,
			);
			path = Commands;
			sourceTree = "<group>";
		};
		F1BBF7BF20DF9F02001E291D /* Helpers */ = {
			isa = PBXGroup;
			children = (
				F1BBF7C420DFA013001E291D /* Position.swift */,
				F1BBF7C220DF9F27001E291D /* CanvasProtocols.swift */,
				F1BBF7BD20DEC509001E291D /* MoveTracker.swift */,
				F1BBF7CC20DFF48A001E291D /* Int+Extension.swift */,
			);
			path = Helpers;
			sourceTree = "<group>";
		};
		F1BBF7D220E00111001E291D /* BusinessLogic */ = {
			isa = PBXGroup;
			children = (
				F1BBF7D020DFF6C3001E291D /* AddRemoveCommandTests.swift */,
				F1BBF7D320E00129001E291D /* MoveCommandTests.swift */,
			);
			path = BusinessLogic;
			sourceTree = "<group>";
		};
/* End PBXGroup section */

/* Begin PBXNativeTarget section */
		F1BBF76B20DE5493001E291D /* ShapePicker */ = {
			isa = PBXNativeTarget;
			buildConfigurationList = F1BBF79420DE5496001E291D /* Build configuration list for PBXNativeTarget "ShapePicker" */;
			buildPhases = (
				F1BBF76820DE5493001E291D /* Sources */,
				F1BBF76920DE5493001E291D /* Frameworks */,
				F1BBF76A20DE5493001E291D /* Resources */,
			);
			buildRules = (
			);
			dependencies = (
			);
			name = ShapePicker;
			productName = ShapePicker;
			productReference = F1BBF76C20DE5493001E291D /* ShapePicker.app */;
			productType = "com.apple.product-type.application";
		};
		F1BBF77F20DE5496001E291D /* ShapePickerTests */ = {
			isa = PBXNativeTarget;
			buildConfigurationList = F1BBF79720DE5496001E291D /* Build configuration list for PBXNativeTarget "ShapePickerTests" */;
			buildPhases = (
				F1BBF77C20DE5496001E291D /* Sources */,
				F1BBF77D20DE5496001E291D /* Frameworks */,
				F1BBF77E20DE5496001E291D /* Resources */,
			);
			buildRules = (
			);
			dependencies = (
				F1BBF78220DE5496001E291D /* PBXTargetDependency */,
			);
			name = ShapePickerTests;
			productName = ShapePickerTests;
			productReference = F1BBF78020DE5496001E291D /* ShapePickerTests.xctest */;
			productType = "com.apple.product-type.bundle.unit-test";
		};
		F1BBF78A20DE5496001E291D /* ShapePickerUITests */ = {
			isa = PBXNativeTarget;
			buildConfigurationList = F1BBF79A20DE5496001E291D /* Build configuration list for PBXNativeTarget "ShapePickerUITests" */;
			buildPhases = (
				F1BBF78720DE5496001E291D /* Sources */,
				F1BBF78820DE5496001E291D /* Frameworks */,
				F1BBF78920DE5496001E291D /* Resources */,
			);
			buildRules = (
			);
			dependencies = (
				F1BBF78D20DE5496001E291D /* PBXTargetDependency */,
			);
			name = ShapePickerUITests;
			productName = ShapePickerUITests;
			productReference = F1BBF78B20DE5496001E291D /* ShapePickerUITests.xctest */;
			productType = "com.apple.product-type.bundle.ui-testing";
		};
/* End PBXNativeTarget section */

/* Begin PBXProject section */
		F1BBF76420DE5493001E291D /* Project object */ = {
			isa = PBXProject;
			attributes = {
				LastSwiftUpdateCheck = 0940;
				LastUpgradeCheck = 0940;
				ORGANIZATIONNAME = "Tiago Bencardino";
				TargetAttributes = {
					F1BBF76B20DE5493001E291D = {
						CreatedOnToolsVersion = 9.4.1;
					};
					F1BBF77F20DE5496001E291D = {
						CreatedOnToolsVersion = 9.4.1;
						TestTargetID = F1BBF76B20DE5493001E291D;
					};
					F1BBF78A20DE5496001E291D = {
						CreatedOnToolsVersion = 9.4.1;
						TestTargetID = F1BBF76B20DE5493001E291D;
					};
				};
			};
			buildConfigurationList = F1BBF76720DE5493001E291D /* Build configuration list for PBXProject "ShapePicker" */;
			compatibilityVersion = "Xcode 9.3";
			developmentRegion = en;
			hasScannedForEncodings = 0;
			knownRegions = (
				en,
				Base,
			);
			mainGroup = F1BBF76320DE5493001E291D;
			productRefGroup = F1BBF76D20DE5493001E291D /* Products */;
			projectDirPath = "";
			projectRoot = "";
			targets = (
				F1BBF76B20DE5493001E291D /* ShapePicker */,
				F1BBF77F20DE5496001E291D /* ShapePickerTests */,
				F1BBF78A20DE5496001E291D /* ShapePickerUITests */,
			);
		};
/* End PBXProject section */

/* Begin PBXResourcesBuildPhase section */
		F1BBF76A20DE5493001E291D /* Resources */ = {
			isa = PBXResourcesBuildPhase;
			buildActionMask = 2147483647;
			files = (
				F1BBF77A20DE5495001E291D /* LaunchScreen.storyboard in Resources */,
				F1BBF77720DE5495001E291D /* Assets.xcassets in Resources */,
				F1BBF77520DE5494001E291D /* Main.storyboard in Resources */,
			);
			runOnlyForDeploymentPostprocessing = 0;
		};
		F1BBF77E20DE5496001E291D /* Resources */ = {
			isa = PBXResourcesBuildPhase;
			buildActionMask = 2147483647;
			files = (
			);
			runOnlyForDeploymentPostprocessing = 0;
		};
		F1BBF78920DE5496001E291D /* Resources */ = {
			isa = PBXResourcesBuildPhase;
			buildActionMask = 2147483647;
			files = (
			);
			runOnlyForDeploymentPostprocessing = 0;
		};
/* End PBXResourcesBuildPhase section */

/* Begin PBXSourcesBuildPhase section */
		F1BBF76820DE5493001E291D /* Sources */ = {
			isa = PBXSourcesBuildPhase;
			buildActionMask = 2147483647;
			files = (
				F1BBF7CD20DFF48A001E291D /* Int+Extension.swift in Sources */,
				F1BBF7A720DE60DF001E291D /* StatsViewModel.swift in Sources */,
				F1BBF79E20DE6045001E291D /* CanvasViewController.swift in Sources */,
				F1BBF77020DE5494001E291D /* AppDelegate.swift in Sources */,
				F1BBF7B620DEC004001E291D /* AddShapeCommand.swift in Sources */,
				F1BBF7A920DE60F3001E291D /* StatsViewController.swift in Sources */,
				F1BBF7C720DFA7DA001E291D /* StatsTableViewCell.swift in Sources */,
				F1BBF7B820DEC46E001E291D /* RemoveShapeCommand.swift in Sources */,
				F1BBF7CB20DFEB17001E291D /* GroupCommand.swift in Sources */,
				F1BBF7AC20DEA37E001E291D /* ShapeView.swift in Sources */,
				F1BBF7A220DE60AB001E291D /* CanvasViewModel.swift in Sources */,
				F1BBF7C520DFA013001E291D /* Position.swift in Sources */,
				F1BBF7AE20DEAB34001E291D /* ShapeFactory.swift in Sources */,
				F1BBF7C320DF9F27001E291D /* CanvasProtocols.swift in Sources */,
				F1BBF7C920DFA91B001E291D /* StatsTableViewManager.swift in Sources */,
				F1BBF7BC20DEC4D4001E291D /* ShapeCommandsManager.swift in Sources */,
				F1BBF7B220DEBF44001E291D /* Command.swift in Sources */,
				F1BBF7BE20DEC509001E291D /* MoveTracker.swift in Sources */,
				F1BBF7BA20DEC489001E291D /* MoveShapeCommand.swift in Sources */,
			);
			runOnlyForDeploymentPostprocessing = 0;
		};
		F1BBF77C20DE5496001E291D /* Sources */ = {
			isa = PBXSourcesBuildPhase;
			buildActionMask = 2147483647;
			files = (
				F1BBF78520DE5496001E291D /* ShapePickerTests.swift in Sources */,
				F1BBF7D120DFF6C3001E291D /* AddRemoveCommandTests.swift in Sources */,
				F1BBF7D420E00129001E291D /* MoveCommandTests.swift in Sources */,
			);
			runOnlyForDeploymentPostprocessing = 0;
		};
		F1BBF78720DE5496001E291D /* Sources */ = {
			isa = PBXSourcesBuildPhase;
			buildActionMask = 2147483647;
			files = (
				F1BBF79020DE5496001E291D /* ShapePickerUITests.swift in Sources */,
			);
			runOnlyForDeploymentPostprocessing = 0;
		};
/* End PBXSourcesBuildPhase section */

/* Begin PBXTargetDependency section */
		F1BBF78220DE5496001E291D /* PBXTargetDependency */ = {
			isa = PBXTargetDependency;
			target = F1BBF76B20DE5493001E291D /* ShapePicker */;
			targetProxy = F1BBF78120DE5496001E291D /* PBXContainerItemProxy */;
		};
		F1BBF78D20DE5496001E291D /* PBXTargetDependency */ = {
			isa = PBXTargetDependency;
			target = F1BBF76B20DE5493001E291D /* ShapePicker */;
			targetProxy = F1BBF78C20DE5496001E291D /* PBXContainerItemProxy */;
		};
/* End PBXTargetDependency section */

/* Begin PBXVariantGroup section */
		F1BBF77320DE5494001E291D /* Main.storyboard */ = {
			isa = PBXVariantGroup;
			children = (
				F1BBF77420DE5494001E291D /* Base */,
			);
			name = Main.storyboard;
			sourceTree = "<group>";
		};
		F1BBF77820DE5495001E291D /* LaunchScreen.storyboard */ = {
			isa = PBXVariantGroup;
			children = (
				F1BBF77920DE5495001E291D /* Base */,
			);
			name = LaunchScreen.storyboard;
			sourceTree = "<group>";
		};
/* End PBXVariantGroup section */

/* Begin XCBuildConfiguration section */
		F1BBF79220DE5496001E291D /* Debug */ = {
			isa = XCBuildConfiguration;
			buildSettings = {
				ALWAYS_SEARCH_USER_PATHS = NO;
				CLANG_ANALYZER_NONNULL = YES;
				CLANG_ANALYZER_NUMBER_OBJECT_CONVERSION = YES_AGGRESSIVE;
				CLANG_CXX_LANGUAGE_STANDARD = "gnu++14";
				CLANG_CXX_LIBRARY = "libc++";
				CLANG_ENABLE_MODULES = YES;
				CLANG_ENABLE_OBJC_ARC = YES;
				CLANG_ENABLE_OBJC_WEAK = YES;
				CLANG_WARN_BLOCK_CAPTURE_AUTORELEASING = YES;
				CLANG_WARN_BOOL_CONVERSION = YES;
				CLANG_WARN_COMMA = YES;
				CLANG_WARN_CONSTANT_CONVERSION = YES;
				CLANG_WARN_DEPRECATED_OBJC_IMPLEMENTATIONS = YES;
				CLANG_WARN_DIRECT_OBJC_ISA_USAGE = YES_ERROR;
				CLANG_WARN_DOCUMENTATION_COMMENTS = YES;
				CLANG_WARN_EMPTY_BODY = YES;
				CLANG_WARN_ENUM_CONVERSION = YES;
				CLANG_WARN_INFINITE_RECURSION = YES;
				CLANG_WARN_INT_CONVERSION = YES;
				CLANG_WARN_NON_LITERAL_NULL_CONVERSION = YES;
				CLANG_WARN_OBJC_IMPLICIT_RETAIN_SELF = YES;
				CLANG_WARN_OBJC_LITERAL_CONVERSION = YES;
				CLANG_WARN_OBJC_ROOT_CLASS = YES_ERROR;
				CLANG_WARN_RANGE_LOOP_ANALYSIS = YES;
				CLANG_WARN_STRICT_PROTOTYPES = YES;
				CLANG_WARN_SUSPICIOUS_MOVE = YES;
				CLANG_WARN_UNGUARDED_AVAILABILITY = YES_AGGRESSIVE;
				CLANG_WARN_UNREACHABLE_CODE = YES;
				CLANG_WARN__DUPLICATE_METHOD_MATCH = YES;
				CODE_SIGN_IDENTITY = "iPhone Developer";
				COPY_PHASE_STRIP = NO;
				DEBUG_INFORMATION_FORMAT = dwarf;
				ENABLE_STRICT_OBJC_MSGSEND = YES;
				ENABLE_TESTABILITY = YES;
				GCC_C_LANGUAGE_STANDARD = gnu11;
				GCC_DYNAMIC_NO_PIC = NO;
				GCC_NO_COMMON_BLOCKS = YES;
				GCC_OPTIMIZATION_LEVEL = 0;
				GCC_PREPROCESSOR_DEFINITIONS = (
					"DEBUG=1",
					"$(inherited)",
				);
				GCC_WARN_64_TO_32_BIT_CONVERSION = YES;
				GCC_WARN_ABOUT_RETURN_TYPE = YES_ERROR;
				GCC_WARN_UNDECLARED_SELECTOR = YES;
				GCC_WARN_UNINITIALIZED_AUTOS = YES_AGGRESSIVE;
				GCC_WARN_UNUSED_FUNCTION = YES;
				GCC_WARN_UNUSED_VARIABLE = YES;
				IPHONEOS_DEPLOYMENT_TARGET = 11.4;
				MTL_ENABLE_DEBUG_INFO = YES;
				ONLY_ACTIVE_ARCH = YES;
				SDKROOT = iphoneos;
				SWIFT_ACTIVE_COMPILATION_CONDITIONS = DEBUG;
				SWIFT_OPTIMIZATION_LEVEL = "-Onone";
			};
			name = Debug;
		};
		F1BBF79320DE5496001E291D /* Release */ = {
			isa = XCBuildConfiguration;
			buildSettings = {
				ALWAYS_SEARCH_USER_PATHS = NO;
				CLANG_ANALYZER_NONNULL = YES;
				CLANG_ANALYZER_NUMBER_OBJECT_CONVERSION = YES_AGGRESSIVE;
				CLANG_CXX_LANGUAGE_STANDARD = "gnu++14";
				CLANG_CXX_LIBRARY = "libc++";
				CLANG_ENABLE_MODULES = YES;
				CLANG_ENABLE_OBJC_ARC = YES;
				CLANG_ENABLE_OBJC_WEAK = YES;
				CLANG_WARN_BLOCK_CAPTURE_AUTORELEASING = YES;
				CLANG_WARN_BOOL_CONVERSION = YES;
				CLANG_WARN_COMMA = YES;
				CLANG_WARN_CONSTANT_CONVERSION = YES;
				CLANG_WARN_DEPRECATED_OBJC_IMPLEMENTATIONS = YES;
				CLANG_WARN_DIRECT_OBJC_ISA_USAGE = YES_ERROR;
				CLANG_WARN_DOCUMENTATION_COMMENTS = YES;
				CLANG_WARN_EMPTY_BODY = YES;
				CLANG_WARN_ENUM_CONVERSION = YES;
				CLANG_WARN_INFINITE_RECURSION = YES;
				CLANG_WARN_INT_CONVERSION = YES;
				CLANG_WARN_NON_LITERAL_NULL_CONVERSION = YES;
				CLANG_WARN_OBJC_IMPLICIT_RETAIN_SELF = YES;
				CLANG_WARN_OBJC_LITERAL_CONVERSION = YES;
				CLANG_WARN_OBJC_ROOT_CLASS = YES_ERROR;
				CLANG_WARN_RANGE_LOOP_ANALYSIS = YES;
				CLANG_WARN_STRICT_PROTOTYPES = YES;
				CLANG_WARN_SUSPICIOUS_MOVE = YES;
				CLANG_WARN_UNGUARDED_AVAILABILITY = YES_AGGRESSIVE;
				CLANG_WARN_UNREACHABLE_CODE = YES;
				CLANG_WARN__DUPLICATE_METHOD_MATCH = YES;
				CODE_SIGN_IDENTITY = "iPhone Developer";
				COPY_PHASE_STRIP = NO;
				DEBUG_INFORMATION_FORMAT = "dwarf-with-dsym";
				ENABLE_NS_ASSERTIONS = NO;
				ENABLE_STRICT_OBJC_MSGSEND = YES;
				GCC_C_LANGUAGE_STANDARD = gnu11;
				GCC_NO_COMMON_BLOCKS = YES;
				GCC_WARN_64_TO_32_BIT_CONVERSION = YES;
				GCC_WARN_ABOUT_RETURN_TYPE = YES_ERROR;
				GCC_WARN_UNDECLARED_SELECTOR = YES;
				GCC_WARN_UNINITIALIZED_AUTOS = YES_AGGRESSIVE;
				GCC_WARN_UNUSED_FUNCTION = YES;
				GCC_WARN_UNUSED_VARIABLE = YES;
				IPHONEOS_DEPLOYMENT_TARGET = 11.4;
				MTL_ENABLE_DEBUG_INFO = NO;
				SDKROOT = iphoneos;
				SWIFT_COMPILATION_MODE = wholemodule;
				SWIFT_OPTIMIZATION_LEVEL = "-O";
				VALIDATE_PRODUCT = YES;
			};
			name = Release;
		};
		F1BBF79520DE5496001E291D /* Debug */ = {
			isa = XCBuildConfiguration;
			buildSettings = {
				ASSETCATALOG_COMPILER_APPICON_NAME = AppIcon;
				CODE_SIGN_STYLE = Automatic;
				INFOPLIST_FILE = ShapePicker/Info.plist;
				LD_RUNPATH_SEARCH_PATHS = (
					"$(inherited)",
					"@executable_path/Frameworks",
				);
				PRODUCT_BUNDLE_IDENTIFIER = br.com.mobwiz.ShapePicker;
				PRODUCT_NAME = "$(TARGET_NAME)";
				SWIFT_VERSION = 4.0;
				TARGETED_DEVICE_FAMILY = "1,2";
			};
			name = Debug;
		};
		F1BBF79620DE5496001E291D /* Release */ = {
			isa = XCBuildConfiguration;
			buildSettings = {
				ASSETCATALOG_COMPILER_APPICON_NAME = AppIcon;
				CODE_SIGN_STYLE = Automatic;
				INFOPLIST_FILE = ShapePicker/Info.plist;
				LD_RUNPATH_SEARCH_PATHS = (
					"$(inherited)",
					"@executable_path/Frameworks",
				);
				PRODUCT_BUNDLE_IDENTIFIER = br.com.mobwiz.ShapePicker;
				PRODUCT_NAME = "$(TARGET_NAME)";
				SWIFT_VERSION = 4.0;
				TARGETED_DEVICE_FAMILY = "1,2";
			};
			name = Release;
		};
		F1BBF79820DE5496001E291D /* Debug */ = {
			isa = XCBuildConfiguration;
			buildSettings = {
				ALWAYS_EMBED_SWIFT_STANDARD_LIBRARIES = YES;
				BUNDLE_LOADER = "$(TEST_HOST)";
				CODE_SIGN_STYLE = Automatic;
				INFOPLIST_FILE = ShapePickerTests/Info.plist;
				LD_RUNPATH_SEARCH_PATHS = (
					"$(inherited)",
					"@executable_path/Frameworks",
					"@loader_path/Frameworks",
				);
				PRODUCT_BUNDLE_IDENTIFIER = br.com.mobwiz.ShapePickerTests;
				PRODUCT_NAME = "$(TARGET_NAME)";
				SWIFT_VERSION = 4.0;
				TARGETED_DEVICE_FAMILY = "1,2";
				TEST_HOST = "$(BUILT_PRODUCTS_DIR)/ShapePicker.app/ShapePicker";
			};
			name = Debug;
		};
		F1BBF79920DE5496001E291D /* Release */ = {
			isa = XCBuildConfiguration;
			buildSettings = {
				ALWAYS_EMBED_SWIFT_STANDARD_LIBRARIES = YES;
				BUNDLE_LOADER = "$(TEST_HOST)";
				CODE_SIGN_STYLE = Automatic;
				INFOPLIST_FILE = ShapePickerTests/Info.plist;
				LD_RUNPATH_SEARCH_PATHS = (
					"$(inherited)",
					"@executable_path/Frameworks",
					"@loader_path/Frameworks",
				);
				PRODUCT_BUNDLE_IDENTIFIER = br.com.mobwiz.ShapePickerTests;
				PRODUCT_NAME = "$(TARGET_NAME)";
				SWIFT_VERSION = 4.0;
				TARGETED_DEVICE_FAMILY = "1,2";
				TEST_HOST = "$(BUILT_PRODUCTS_DIR)/ShapePicker.app/ShapePicker";
			};
			name = Release;
		};
		F1BBF79B20DE5496001E291D /* Debug */ = {
			isa = XCBuildConfiguration;
			buildSettings = {
				ALWAYS_EMBED_SWIFT_STANDARD_LIBRARIES = YES;
				CODE_SIGN_STYLE = Automatic;
				INFOPLIST_FILE = ShapePickerUITests/Info.plist;
				LD_RUNPATH_SEARCH_PATHS = (
					"$(inherited)",
					"@executable_path/Frameworks",
					"@loader_path/Frameworks",
				);
				PRODUCT_BUNDLE_IDENTIFIER = br.com.mobwiz.ShapePickerUITests;
				PRODUCT_NAME = "$(TARGET_NAME)";
				SWIFT_VERSION = 4.0;
				TARGETED_DEVICE_FAMILY = "1,2";
				TEST_TARGET_NAME = ShapePicker;
			};
			name = Debug;
		};
		F1BBF79C20DE5496001E291D /* Release */ = {
			isa = XCBuildConfiguration;
			buildSettings = {
				ALWAYS_EMBED_SWIFT_STANDARD_LIBRARIES = YES;
				CODE_SIGN_STYLE = Automatic;
				INFOPLIST_FILE = ShapePickerUITests/Info.plist;
				LD_RUNPATH_SEARCH_PATHS = (
					"$(inherited)",
					"@executable_path/Frameworks",
					"@loader_path/Frameworks",
				);
				PRODUCT_BUNDLE_IDENTIFIER = br.com.mobwiz.ShapePickerUITests;
				PRODUCT_NAME = "$(TARGET_NAME)";
				SWIFT_VERSION = 4.0;
				TARGETED_DEVICE_FAMILY = "1,2";
				TEST_TARGET_NAME = ShapePicker;
			};
			name = Release;
		};
/* End XCBuildConfiguration section */

/* Begin XCConfigurationList section */
		F1BBF76720DE5493001E291D /* Build configuration list for PBXProject "ShapePicker" */ = {
			isa = XCConfigurationList;
			buildConfigurations = (
				F1BBF79220DE5496001E291D /* Debug */,
				F1BBF79320DE5496001E291D /* Release */,
			);
			defaultConfigurationIsVisible = 0;
			defaultConfigurationName = Release;
		};
		F1BBF79420DE5496001E291D /* Build configuration list for PBXNativeTarget "ShapePicker" */ = {
			isa = XCConfigurationList;
			buildConfigurations = (
				F1BBF79520DE5496001E291D /* Debug */,
				F1BBF79620DE5496001E291D /* Release */,
			);
			defaultConfigurationIsVisible = 0;
			defaultConfigurationName = Release;
		};
		F1BBF79720DE5496001E291D /* Build configuration list for PBXNativeTarget "ShapePickerTests" */ = {
			isa = XCConfigurationList;
			buildConfigurations = (
				F1BBF79820DE5496001E291D /* Debug */,
				F1BBF79920DE5496001E291D /* Release */,
			);
			defaultConfigurationIsVisible = 0;
			defaultConfigurationName = Release;
		};
		F1BBF79A20DE5496001E291D /* Build configuration list for PBXNativeTarget "ShapePickerUITests" */ = {
			isa = XCConfigurationList;
			buildConfigurations = (
				F1BBF79B20DE5496001E291D /* Debug */,
				F1BBF79C20DE5496001E291D /* Release */,
			);
			defaultConfigurationIsVisible = 0;
			defaultConfigurationName = Release;
		};
/* End XCConfigurationList section */
	};
	rootObject = F1BBF76420DE5493001E291D /* Project object */;
}
